Microsoft Visual Studio Solution File, Format Version 12.00
# Visual Studio Version 17
VisualStudioVersion = 17.5.2.0
MinimumVisualStudioVersion = 10.0.40219.1
Project("{FAE04EC0-301F-11D3-BF4B-00C04F79EFBC}") = "ai-language-sample", "ai-language-sample.csproj", "{7FE0629C-26DE-6595-E17D-BC9B6401AE37}"
EndProject
Global
	GlobalSection(SolutionConfigurationPlatforms) = preSolution
		Debug|Any CPU = Debug|Any CPU
		Release|Any CPU = Release|Any CPU
	EndGlobalSection
	GlobalSection(ProjectConfigurationPlatforms) = postSolution
		{7FE0629C-26DE-6595-E17D-BC9B6401AE37}.Debug|Any CPU.ActiveCfg = Debug|Any CPU
		{7FE0629C-26DE-6595-E17D-BC9B6401AE37}.Debug|Any CPU.Build.0 = Debug|Any CPU
		{7FE0629C-26DE-6595-E17D-BC9B6401AE37}.Release|Any CPU.ActiveCfg = Release|Any CPU
		{7FE0629C-26DE-6595-E17D-BC9B6401AE37}.Release|Any CPU.Build.0 = Release|Any CPU
	EndGlobalSection
	GlobalSection(SolutionProperties) = preSolution
		HideSolutionNode = FALSE
	EndGlobalSection
	GlobalSection(ExtensibilityGlobals) = postSolution
		SolutionGuid = {1B92A3D9-28E8-44EC-8298-3731D65F55F3}
	EndGlobalSection
EndGlobal
